// !$*UTF8*$!
{
	archiveVersion = 1;
	classes = {
	};
	objectVersion = 77;
	objects = {

/* Begin PBXBuildFile section */
		049BD8642DBF39AFE6BEA7C2 /* GRDB in Frameworks */ = {isa = PBXBuildFile; productRef = 8FD1535BDA3E5C8AE0DD0037 /* GRDB */; };
		0A7B04861D3AE5517A3BE706 /* RunViewModel.swift in Sources */ = {isa = PBXBuildFile; fileRef = 84DDBF32B4FAE2B22DCB45DE /* RunViewModel.swift */; };
		1B6F660A8EF1D70970EF5077 /* MockURLSession.swift in Sources */ = {isa = PBXBuildFile; fileRef = 4FE9B2B544199166E6236C6E /* MockURLSession.swift */; };
		1C6360F131B69EB484A0858D /* BlueskyCollectorTests.swift in Sources */ = {isa = PBXBuildFile; fileRef = 6824A853F434CC1AE79933A8 /* BlueskyCollectorTests.swift */; };
		1D390F32B0F40A94CDE57339 /* HistoryViewModel.swift in Sources */ = {isa = PBXBuildFile; fileRef = BB8CAC7CB7D19D22B1EFB223 /* HistoryViewModel.swift */; };
		223EF7B850879D74716F9B54 /* MastodonCollectorTests.swift in Sources */ = {isa = PBXBuildFile; fileRef = A0578C20F0D69DC239D837C5 /* MastodonCollectorTests.swift */; };
		26261DA10A695149DB10E53E /* PlatformsViewModel.swift in Sources */ = {isa = PBXBuildFile; fileRef = 9586342EA6BD306DA372AC3A /* PlatformsViewModel.swift */; };
		2AA7A263FEB665A1D2EB9D5E /* SettingsView.swift in Sources */ = {isa = PBXBuildFile; fileRef = B29234355DF861534D71C3B8 /* SettingsView.swift */; };
		33AFDAD2603FD51B00CA689A /* AppDatabase.swift in Sources */ = {isa = PBXBuildFile; fileRef = 7C010F1ED965D1458B4430A8 /* AppDatabase.swift */; };
		407889F33573100C2D412A63 /* GoatCounterCollectorTests.swift in Sources */ = {isa = PBXBuildFile; fileRef = F47A8E8E119F792F87DE78BB /* GoatCounterCollectorTests.swift */; };
		447B075F2FC34BAC77627E6F /* SocialBrainApp.swift in Sources */ = {isa = PBXBuildFile; fileRef = 6CC44EC6EF398FFC22CB3058 /* SocialBrainApp.swift */; };
		494C0A95A67C0967ACDDC47A /* PlatformSnapshot.swift in Sources */ = {isa = PBXBuildFile; fileRef = C15440D67BA5E83700B165BF /* PlatformSnapshot.swift */; };
		5081170C2BC0A9C21BE5F7AE /* Collector.swift in Sources */ = {isa = PBXBuildFile; fileRef = 34E4FEB4BA95665EB9B7D551 /* Collector.swift */; };
		5A99A8B940BC0017AAEE4C64 /* PromptAssembler.swift in Sources */ = {isa = PBXBuildFile; fileRef = 03FE43F9DB323E4D268EBE00 /* PromptAssembler.swift */; };
		5C7C564E792CA1DD24E881AC /* CalendlyCollectorTests.swift in Sources */ = {isa = PBXBuildFile; fileRef = DF6E210799137F03E23C4EC6 /* CalendlyCollectorTests.swift */; };
		6025308D798885FB9D71C922 /* DashboardViewModel.swift in Sources */ = {isa = PBXBuildFile; fileRef = CD8CE54D3FD8FD77FB796D95 /* DashboardViewModel.swift */; };
		612EF2EA7D815191DCA3F6FE /* Platform.swift in Sources */ = {isa = PBXBuildFile; fileRef = F284E6CCC2F1782721703DDE /* Platform.swift */; };
		66BC947276B7C0460FCA4EDA /* PlatformData.swift in Sources */ = {isa = PBXBuildFile; fileRef = 1AD4BFD9258E2AC05FFEEDC7 /* PlatformData.swift */; };
		6A3AA757B49ECEBBB8AE4A21 /* BlueskyCollector.swift in Sources */ = {isa = PBXBuildFile; fileRef = 0AC1E6FBE27355FF4A5F9ED4 /* BlueskyCollector.swift */; };
		6D3A626D844241244E88D4BD /* KeychainStore.swift in Sources */ = {isa = PBXBuildFile; fileRef = A290D89F7ADB49E8A7DA7195 /* KeychainStore.swift */; };
		74FC3FB5DAC6B6C8ED1B2096 /* GRDB in Frameworks */ = {isa = PBXBuildFile; productRef = C910C8BD09C1A4DAB6CF84C4 /* GRDB */; };
		75539B434DACB5C3EF7CD801 /* SocialBrainUITests.swift in Sources */ = {isa = PBXBuildFile; fileRef = AB1A2B948DCADD6C6E537C09 /* SocialBrainUITests.swift */; };
		7A53CA94A18CD0DF713D9F5F /* MastodonCollector.swift in Sources */ = {isa = PBXBuildFile; fileRef = 1B63D76C0BF2AC6095ABE3CD /* MastodonCollector.swift */; };
		7F875E7D93FE02FD42E15C9C /* ButtondownCollectorTests.swift in Sources */ = {isa = PBXBuildFile; fileRef = FA2BAEB2923B9E65E8E39568 /* ButtondownCollectorTests.swift */; };
		838D6D171EF7E59B2806F289 /* ContentView.swift in Sources */ = {isa = PBXBuildFile; fileRef = C6FE51BE4FDDF2853CCDE343 /* ContentView.swift */; };
		85D3921C27997386AF05423D /* VercelCollector.swift in Sources */ = {isa = PBXBuildFile; fileRef = 2128E07069D06A4F85D58B9B /* VercelCollector.swift */; };
		89C769B555A5A38972AEC683 /* DatabaseMigrationTests.swift in Sources */ = {isa = PBXBuildFile; fileRef = 9D72B5277A4EB60AACEB252E /* DatabaseMigrationTests.swift */; };
		8F85A9F319B4EF2680BB8523 /* PlatformCredentialSheet.swift in Sources */ = {isa = PBXBuildFile; fileRef = 7070B55F5A655D85ED8B2D69 /* PlatformCredentialSheet.swift */; };
		900651ABFF265A05959EB848 /* CalendlyCollector.swift in Sources */ = {isa = PBXBuildFile; fileRef = 3D02CD4FB1AACFCAB9CDC5A0 /* CalendlyCollector.swift */; };
		9354A382ADCA63501A491527 /* VercelCollectorTests.swift in Sources */ = {isa = PBXBuildFile; fileRef = 887C88E6C71E01161679B3B2 /* VercelCollectorTests.swift */; };
		9495992C98E7C36CE6A1EBC6 /* GoatCounterCollector.swift in Sources */ = {isa = PBXBuildFile; fileRef = 07E6CC0A277E7F1ADDBE207F /* GoatCounterCollector.swift */; };
		9A925D4D118519B04F074F8D /* Credentials.swift in Sources */ = {isa = PBXBuildFile; fileRef = F096536B15841BEC5AC9F868 /* Credentials.swift */; };
		9FF5871185F5BF4EE4FCF486 /* CollectionEngineTests.swift in Sources */ = {isa = PBXBuildFile; fileRef = DBC7AA60FA245D9489A99649 /* CollectionEngineTests.swift */; };
		A288B9F3512C0901C0DC95D4 /* PlatformsView.swift in Sources */ = {isa = PBXBuildFile; fileRef = 62075DC99894FAA00E9BF328 /* PlatformsView.swift */; };
		A34D99688ABEC06792FD7CDD /* SocialBrainTests.swift in Sources */ = {isa = PBXBuildFile; fileRef = F38A28EA239666AB10ACAEA3 /* SocialBrainTests.swift */; };
		A8CD2064A0E8BA9E95C2C4AC /* ButtondownCollector.swift in Sources */ = {isa = PBXBuildFile; fileRef = 801F1E9ADC1711F447E9F944 /* ButtondownCollector.swift */; };
		A97F0568846BF3C7E478F5E5 /* HistoryView.swift in Sources */ = {isa = PBXBuildFile; fileRef = 0AA5FEEB657E076A0A25BF49 /* HistoryView.swift */; };
		B29F8E575E37C3A0B5B3B59A /* CollectionEngine.swift in Sources */ = {isa = PBXBuildFile; fileRef = 859D5802079DEAF815EA07E2 /* CollectionEngine.swift */; };
		B9CF0F5C2C11384271F38C7B /* RunView.swift in Sources */ = {isa = PBXBuildFile; fileRef = 4569F6BB49865EE31C402F28 /* RunView.swift */; };
		D49FB081330A71807BE4D981 /* PromptAssemblerTests.swift in Sources */ = {isa = PBXBuildFile; fileRef = 0036309E5766E343407C85AF /* PromptAssemblerTests.swift */; };
		EDD572851E77CF9321FEF9F9 /* DashboardView.swift in Sources */ = {isa = PBXBuildFile; fileRef = 653287EE2F473501A0D4EC29 /* DashboardView.swift */; };
		FB2B0CB801E20E4DDD2F7A2A /* CollectionRun.swift in Sources */ = {isa = PBXBuildFile; fileRef = AE4B04405ACA0E4E56CBD7BA /* CollectionRun.swift */; };
/* End PBXBuildFile section */

/* Begin PBXContainerItemProxy section */
		11836A020F89107D560A8CB4 /* PBXContainerItemProxy */ = {
			isa = PBXContainerItemProxy;
			containerPortal = 0F85908CB20E4202630B7447 /* Project object */;
			proxyType = 1;
			remoteGlobalIDString = 520184D4FF15CBC85BB9D843;
			remoteInfo = SocialBrain;
		};
		E0EFEAD006987A83080DB9AE /* PBXContainerItemProxy */ = {
			isa = PBXContainerItemProxy;
			containerPortal = 0F85908CB20E4202630B7447 /* Project object */;
			proxyType = 1;
			remoteGlobalIDString = 520184D4FF15CBC85BB9D843;
			remoteInfo = SocialBrain;
		};
/* End PBXContainerItemProxy section */

/* Begin PBXFileReference section */
		0036309E5766E343407C85AF /* PromptAssemblerTests.swift */ = {isa = PBXFileReference; lastKnownFileType = sourcecode.swift; path = PromptAssemblerTests.swift; sourceTree = "<group>"; };
		03FE43F9DB323E4D268EBE00 /* PromptAssembler.swift */ = {isa = PBXFileReference; lastKnownFileType = sourcecode.swift; path = PromptAssembler.swift; sourceTree = "<group>"; };
		07E6CC0A277E7F1ADDBE207F /* GoatCounterCollector.swift */ = {isa = PBXFileReference; lastKnownFileType = sourcecode.swift; path = GoatCounterCollector.swift; sourceTree = "<group>"; };
		0AA5FEEB657E076A0A25BF49 /* HistoryView.swift */ = {isa = PBXFileReference; lastKnownFileType = sourcecode.swift; path = HistoryView.swift; sourceTree = "<group>"; };
		0AC1E6FBE27355FF4A5F9ED4 /* BlueskyCollector.swift */ = {isa = PBXFileReference; lastKnownFileType = sourcecode.swift; path = BlueskyCollector.swift; sourceTree = "<group>"; };
		1AD4BFD9258E2AC05FFEEDC7 /* PlatformData.swift */ = {isa = PBXFileReference; lastKnownFileType = sourcecode.swift; path = PlatformData.swift; sourceTree = "<group>"; };
		1B2C0D11CC10BC41011D7105 /* Info.plist */ = {isa = PBXFileReference; lastKnownFileType = text.plist; path = Info.plist; sourceTree = "<group>"; };
		1B63D76C0BF2AC6095ABE3CD /* MastodonCollector.swift */ = {isa = PBXFileReference; lastKnownFileType = sourcecode.swift; path = MastodonCollector.swift; sourceTree = "<group>"; };
		2128E07069D06A4F85D58B9B /* VercelCollector.swift */ = {isa = PBXFileReference; lastKnownFileType = sourcecode.swift; path = VercelCollector.swift; sourceTree = "<group>"; };
		34E4FEB4BA95665EB9B7D551 /* Collector.swift */ = {isa = PBXFileReference; lastKnownFileType = sourcecode.swift; path = Collector.swift; sourceTree = "<group>"; };
		3D02CD4FB1AACFCAB9CDC5A0 /* CalendlyCollector.swift */ = {isa = PBXFileReference; lastKnownFileType = sourcecode.swift; path = CalendlyCollector.swift; sourceTree = "<group>"; };
		4569F6BB49865EE31C402F28 /* RunView.swift */ = {isa = PBXFileReference; lastKnownFileType = sourcecode.swift; path = RunView.swift; sourceTree = "<group>"; };
		4FE9B2B544199166E6236C6E /* MockURLSession.swift */ = {isa = PBXFileReference; lastKnownFileType = sourcecode.swift; path = MockURLSession.swift; sourceTree = "<group>"; };
		5247D72A41BCA462D7B38811 /* SocialBrain.app */ = {isa = PBXFileReference; explicitFileType = wrapper.application; includeInIndex = 0; path = SocialBrain.app; sourceTree = BUILT_PRODUCTS_DIR; };
		62075DC99894FAA00E9BF328 /* PlatformsView.swift */ = {isa = PBXFileReference; lastKnownFileType = sourcecode.swift; path = PlatformsView.swift; sourceTree = "<group>"; };
		653287EE2F473501A0D4EC29 /* DashboardView.swift */ = {isa = PBXFileReference; lastKnownFileType = sourcecode.swift; path = DashboardView.swift; sourceTree = "<group>"; };
		6824A853F434CC1AE79933A8 /* BlueskyCollectorTests.swift */ = {isa = PBXFileReference; lastKnownFileType = sourcecode.swift; path = BlueskyCollectorTests.swift; sourceTree = "<group>"; };
		6CC44EC6EF398FFC22CB3058 /* SocialBrainApp.swift */ = {isa = PBXFileReference; lastKnownFileType = sourcecode.swift; path = SocialBrainApp.swift; sourceTree = "<group>"; };
		7070B55F5A655D85ED8B2D69 /* PlatformCredentialSheet.swift */ = {isa = PBXFileReference; lastKnownFileType = sourcecode.swift; path = PlatformCredentialSheet.swift; sourceTree = "<group>"; };
		7C010F1ED965D1458B4430A8 /* AppDatabase.swift */ = {isa = PBXFileReference; lastKnownFileType = sourcecode.swift; path = AppDatabase.swift; sourceTree = "<group>"; };
		801F1E9ADC1711F447E9F944 /* ButtondownCollector.swift */ = {isa = PBXFileReference; lastKnownFileType = sourcecode.swift; path = ButtondownCollector.swift; sourceTree = "<group>"; };
		84DDBF32B4FAE2B22DCB45DE /* RunViewModel.swift */ = {isa = PBXFileReference; lastKnownFileType = sourcecode.swift; path = RunViewModel.swift; sourceTree = "<group>"; };
		859D5802079DEAF815EA07E2 /* CollectionEngine.swift */ = {isa = PBXFileReference; lastKnownFileType = sourcecode.swift; path = CollectionEngine.swift; sourceTree = "<group>"; };
		887C88E6C71E01161679B3B2 /* VercelCollectorTests.swift */ = {isa = PBXFileReference; lastKnownFileType = sourcecode.swift; path = VercelCollectorTests.swift; sourceTree = "<group>"; };
		9586342EA6BD306DA372AC3A /* PlatformsViewModel.swift */ = {isa = PBXFileReference; lastKnownFileType = sourcecode.swift; path = PlatformsViewModel.swift; sourceTree = "<group>"; };
		9D72B5277A4EB60AACEB252E /* DatabaseMigrationTests.swift */ = {isa = PBXFileReference; lastKnownFileType = sourcecode.swift; path = DatabaseMigrationTests.swift; sourceTree = "<group>"; };
		A0578C20F0D69DC239D837C5 /* MastodonCollectorTests.swift */ = {isa = PBXFileReference; lastKnownFileType = sourcecode.swift; path = MastodonCollectorTests.swift; sourceTree = "<group>"; };
		A138063E53201FBC6A3C363C /* SocialBrainTests.xctest */ = {isa = PBXFileReference; explicitFileType = wrapper.cfbundle; includeInIndex = 0; path = SocialBrainTests.xctest; sourceTree = BUILT_PRODUCTS_DIR; };
		A290D89F7ADB49E8A7DA7195 /* KeychainStore.swift */ = {isa = PBXFileReference; lastKnownFileType = sourcecode.swift; path = KeychainStore.swift; sourceTree = "<group>"; };
		AB1A2B948DCADD6C6E537C09 /* SocialBrainUITests.swift */ = {isa = PBXFileReference; lastKnownFileType = sourcecode.swift; path = SocialBrainUITests.swift; sourceTree = "<group>"; };
		AE4B04405ACA0E4E56CBD7BA /* CollectionRun.swift */ = {isa = PBXFileReference; lastKnownFileType = sourcecode.swift; path = CollectionRun.swift; sourceTree = "<group>"; };
		B29234355DF861534D71C3B8 /* SettingsView.swift */ = {isa = PBXFileReference; lastKnownFileType = sourcecode.swift; path = SettingsView.swift; sourceTree = "<group>"; };
		B7DF7AC7A9D0E370E619975F /* SocialBrain.entitlements */ = {isa = PBXFileReference; lastKnownFileType = text.plist.entitlements; path = SocialBrain.entitlements; sourceTree = "<group>"; };
		BB8CAC7CB7D19D22B1EFB223 /* HistoryViewModel.swift */ = {isa = PBXFileReference; lastKnownFileType = sourcecode.swift; path = HistoryViewModel.swift; sourceTree = "<group>"; };
		C15440D67BA5E83700B165BF /* PlatformSnapshot.swift */ = {isa = PBXFileReference; lastKnownFileType = sourcecode.swift; path = PlatformSnapshot.swift; sourceTree = "<group>"; };
		C6FE51BE4FDDF2853CCDE343 /* ContentView.swift */ = {isa = PBXFileReference; lastKnownFileType = sourcecode.swift; path = ContentView.swift; sourceTree = "<group>"; };
		CD8CE54D3FD8FD77FB796D95 /* DashboardViewModel.swift */ = {isa = PBXFileReference; lastKnownFileType = sourcecode.swift; path = DashboardViewModel.swift; sourceTree = "<group>"; };
		DBC7AA60FA245D9489A99649 /* CollectionEngineTests.swift */ = {isa = PBXFileReference; lastKnownFileType = sourcecode.swift; path = CollectionEngineTests.swift; sourceTree = "<group>"; };
		DF6E210799137F03E23C4EC6 /* CalendlyCollectorTests.swift */ = {isa = PBXFileReference; lastKnownFileType = sourcecode.swift; path = CalendlyCollectorTests.swift; sourceTree = "<group>"; };
		EFD080AC051AC0A2A45C4782 /* SocialBrainUITests.xctest */ = {isa = PBXFileReference; explicitFileType = wrapper.cfbundle; includeInIndex = 0; path = SocialBrainUITests.xctest; sourceTree = BUILT_PRODUCTS_DIR; };
		F096536B15841BEC5AC9F868 /* Credentials.swift */ = {isa = PBXFileReference; lastKnownFileType = sourcecode.swift; path = Credentials.swift; sourceTree = "<group>"; };
		F284E6CCC2F1782721703DDE /* Platform.swift */ = {isa = PBXFileReference; lastKnownFileType = sourcecode.swift; path = Platform.swift; sourceTree = "<group>"; };
		F38A28EA239666AB10ACAEA3 /* SocialBrainTests.swift */ = {isa = PBXFileReference; lastKnownFileType = sourcecode.swift; path = SocialBrainTests.swift; sourceTree = "<group>"; };
		F47A8E8E119F792F87DE78BB /* GoatCounterCollectorTests.swift */ = {isa = PBXFileReference; lastKnownFileType = sourcecode.swift; path = GoatCounterCollectorTests.swift; sourceTree = "<group>"; };
		FA2BAEB2923B9E65E8E39568 /* ButtondownCollectorTests.swift */ = {isa = PBXFileReference; lastKnownFileType = sourcecode.swift; path = ButtondownCollectorTests.swift; sourceTree = "<group>"; };
/* End PBXFileReference section */

/* Begin PBXFrameworksBuildPhase section */
		5B4CD282F5684CD733E687C3 /* Frameworks */ = {
			isa = PBXFrameworksBuildPhase;
			buildActionMask = 2147483647;
			files = (
				049BD8642DBF39AFE6BEA7C2 /* GRDB in Frameworks */,
			);
			runOnlyForDeploymentPostprocessing = 0;
		};
		9542BF40883A20A14A7DE29B /* Frameworks */ = {
			isa = PBXFrameworksBuildPhase;
			buildActionMask = 2147483647;
			files = (
				74FC3FB5DAC6B6C8ED1B2096 /* GRDB in Frameworks */,
			);
			runOnlyForDeploymentPostprocessing = 0;
		};
/* End PBXFrameworksBuildPhase section */

/* Begin PBXGroup section */
		234806D7CE4EBFA1F67FE637 /* Dashboard */ = {
			isa = PBXGroup;
			children = (
				653287EE2F473501A0D4EC29 /* DashboardView.swift */,
				CD8CE54D3FD8FD77FB796D95 /* DashboardViewModel.swift */,
			);
			path = Dashboard;
			sourceTree = "<group>";
		};
		48C91AC045446C394F6C83C7 /* Models */ = {
			isa = PBXGroup;
			children = (
				F096536B15841BEC5AC9F868 /* Credentials.swift */,
				F284E6CCC2F1782721703DDE /* Platform.swift */,
				1AD4BFD9258E2AC05FFEEDC7 /* PlatformData.swift */,
			);
			path = Models;
			sourceTree = "<group>";
		};
		49FC8D5B049DBB4E9D458E80 /* History */ = {
			isa = PBXGroup;
			children = (
				0AA5FEEB657E076A0A25BF49 /* HistoryView.swift */,
				BB8CAC7CB7D19D22B1EFB223 /* HistoryViewModel.swift */,
			);
			path = History;
			sourceTree = "<group>";
		};
		723C9EE37EDB5333AAB879BD /* TestSupport */ = {
			isa = PBXGroup;
			children = (
				4FE9B2B544199166E6236C6E /* MockURLSession.swift */,
			);
			path = TestSupport;
			sourceTree = "<group>";
		};
		72ACFC5E1C0E22C17ABCBC6B /* Views */ = {
			isa = PBXGroup;
			children = (
				234806D7CE4EBFA1F67FE637 /* Dashboard */,
				49FC8D5B049DBB4E9D458E80 /* History */,
				AEBF24DB90C85E1FE78231E0 /* Platforms */,
				D0C2BABF433297101C977C49 /* Run */,
				FAB94BB1017D3346A74349A5 /* Settings */,
			);
			path = Views;
			sourceTree = "<group>";
		};
		72FCC5C9A5E1827F3E54C41A /* Collectors */ = {
			isa = PBXGroup;
			children = (
				0AC1E6FBE27355FF4A5F9ED4 /* BlueskyCollector.swift */,
				801F1E9ADC1711F447E9F944 /* ButtondownCollector.swift */,
				3D02CD4FB1AACFCAB9CDC5A0 /* CalendlyCollector.swift */,
				859D5802079DEAF815EA07E2 /* CollectionEngine.swift */,
				34E4FEB4BA95665EB9B7D551 /* Collector.swift */,
				07E6CC0A277E7F1ADDBE207F /* GoatCounterCollector.swift */,
				1B63D76C0BF2AC6095ABE3CD /* MastodonCollector.swift */,
				2128E07069D06A4F85D58B9B /* VercelCollector.swift */,
			);
			path = Collectors;
			sourceTree = "<group>";
		};
		86D5A01748172E7B356DFDB9 = {
			isa = PBXGroup;
			children = (
				E68AF64706F624C98A42DD37 /* SocialBrain */,
				C1827858EBBBFBBA7A5A088F /* SocialBrainTests */,
				AA0CC39E98D4B9C86FEAD4C6 /* SocialBrainUITests */,
				B856B8C63E39CF7298B1F3EE /* Products */,
			);
			sourceTree = "<group>";
		};
		AA0CC39E98D4B9C86FEAD4C6 /* SocialBrainUITests */ = {
			isa = PBXGroup;
			children = (
				AB1A2B948DCADD6C6E537C09 /* SocialBrainUITests.swift */,
			);
			path = SocialBrainUITests;
			sourceTree = "<group>";
		};
		AD2DA712089EBFDA498F9D1B /* App */ = {
			isa = PBXGroup;
			children = (
				C6FE51BE4FDDF2853CCDE343 /* ContentView.swift */,
				6CC44EC6EF398FFC22CB3058 /* SocialBrainApp.swift */,
			);
			path = App;
			sourceTree = "<group>";
		};
		AEBF24DB90C85E1FE78231E0 /* Platforms */ = {
			isa = PBXGroup;
			children = (
				7070B55F5A655D85ED8B2D69 /* PlatformCredentialSheet.swift */,
				62075DC99894FAA00E9BF328 /* PlatformsView.swift */,
				9586342EA6BD306DA372AC3A /* PlatformsViewModel.swift */,
			);
			path = Platforms;
			sourceTree = "<group>";
		};
		B856B8C63E39CF7298B1F3EE /* Products */ = {
			isa = PBXGroup;
			children = (
				5247D72A41BCA462D7B38811 /* SocialBrain.app */,
				A138063E53201FBC6A3C363C /* SocialBrainTests.xctest */,
				EFD080AC051AC0A2A45C4782 /* SocialBrainUITests.xctest */,
			);
			name = Products;
			sourceTree = "<group>";
		};
		C1827858EBBBFBBA7A5A088F /* SocialBrainTests */ = {
			isa = PBXGroup;
			children = (
				723C9EE37EDB5333AAB879BD /* TestSupport */,
				6824A853F434CC1AE79933A8 /* BlueskyCollectorTests.swift */,
				FA2BAEB2923B9E65E8E39568 /* ButtondownCollectorTests.swift */,
				DF6E210799137F03E23C4EC6 /* CalendlyCollectorTests.swift */,
				DBC7AA60FA245D9489A99649 /* CollectionEngineTests.swift */,
				9D72B5277A4EB60AACEB252E /* DatabaseMigrationTests.swift */,
				F47A8E8E119F792F87DE78BB /* GoatCounterCollectorTests.swift */,
				A0578C20F0D69DC239D837C5 /* MastodonCollectorTests.swift */,
				0036309E5766E343407C85AF /* PromptAssemblerTests.swift */,
				F38A28EA239666AB10ACAEA3 /* SocialBrainTests.swift */,
				887C88E6C71E01161679B3B2 /* VercelCollectorTests.swift */,
			);
			path = SocialBrainTests;
			sourceTree = "<group>";
		};
		D0C2BABF433297101C977C49 /* Run */ = {
			isa = PBXGroup;
			children = (
				4569F6BB49865EE31C402F28 /* RunView.swift */,
				84DDBF32B4FAE2B22DCB45DE /* RunViewModel.swift */,
			);
			path = Run;
			sourceTree = "<group>";
		};
		D47B90D3AD12E6E432235DF3 /* Prompt */ = {
			isa = PBXGroup;
			children = (
				03FE43F9DB323E4D268EBE00 /* PromptAssembler.swift */,
			);
			path = Prompt;
			sourceTree = "<group>";
		};
		E2EDE5A49AE339730815A81B /* Keychain */ = {
			isa = PBXGroup;
			children = (
				A290D89F7ADB49E8A7DA7195 /* KeychainStore.swift */,
			);
			path = Keychain;
			sourceTree = "<group>";
		};
		E68AF64706F624C98A42DD37 /* SocialBrain */ = {
			isa = PBXGroup;
			children = (
				AD2DA712089EBFDA498F9D1B /* App */,
				72FCC5C9A5E1827F3E54C41A /* Collectors */,
				EEFA635E8307B8E31973813C /* Database */,
				E2EDE5A49AE339730815A81B /* Keychain */,
				48C91AC045446C394F6C83C7 /* Models */,
				D47B90D3AD12E6E432235DF3 /* Prompt */,
				72ACFC5E1C0E22C17ABCBC6B /* Views */,
				1B2C0D11CC10BC41011D7105 /* Info.plist */,
				B7DF7AC7A9D0E370E619975F /* SocialBrain.entitlements */,
			);
			path = SocialBrain;
			sourceTree = "<group>";
		};
		EEFA635E8307B8E31973813C /* Database */ = {
			isa = PBXGroup;
			children = (
				7C010F1ED965D1458B4430A8 /* AppDatabase.swift */,
				AE4B04405ACA0E4E56CBD7BA /* CollectionRun.swift */,
				C15440D67BA5E83700B165BF /* PlatformSnapshot.swift */,
			);
			path = Database;
			sourceTree = "<group>";
		};
		FAB94BB1017D3346A74349A5 /* Settings */ = {
			isa = PBXGroup;
			children = (
				B29234355DF861534D71C3B8 /* SettingsView.swift */,
			);
			path = Settings;
			sourceTree = "<group>";
		};
/* End PBXGroup section */

/* Begin PBXNativeTarget section */
		28A74FECBA111CA2614C4A40 /* SocialBrainUITests */ = {
			isa = PBXNativeTarget;
			buildConfigurationList = 0E7946795DDE30EB8A4226E6 /* Build configuration list for PBXNativeTarget "SocialBrainUITests" */;
			buildPhases = (
				547DAE104F898320A5A08BEE /* Sources */,
			);
			buildRules = (
			);
			dependencies = (
				E6B224D3134AE72108019FC9 /* PBXTargetDependency */,
			);
			name = SocialBrainUITests;
			packageProductDependencies = (
			);
			productName = SocialBrainUITests;
			productReference = EFD080AC051AC0A2A45C4782 /* SocialBrainUITests.xctest */;
			productType = "com.apple.product-type.bundle.ui-testing";
		};
		520184D4FF15CBC85BB9D843 /* SocialBrain */ = {
			isa = PBXNativeTarget;
			buildConfigurationList = C90D6C35DB73F64E6DA5F2BA /* Build configuration list for PBXNativeTarget "SocialBrain" */;
			buildPhases = (
				F0489EFE006CE45212E24861 /* Sources */,
				9542BF40883A20A14A7DE29B /* Frameworks */,
			);
			buildRules = (
			);
			dependencies = (
			);
			name = SocialBrain;
			packageProductDependencies = (
				C910C8BD09C1A4DAB6CF84C4 /* GRDB */,
			);
			productName = SocialBrain;
			productReference = 5247D72A41BCA462D7B38811 /* SocialBrain.app */;
			productType = "com.apple.product-type.application";
		};
		987D0EC5A07FF812AB1389C3 /* SocialBrainTests */ = {
			isa = PBXNativeTarget;
			buildConfigurationList = F6AA35C01EB0741ED1BC683C /* Build configuration list for PBXNativeTarget "SocialBrainTests" */;
			buildPhases = (
				BC5E3DFC122A46694C24C874 /* Sources */,
				5B4CD282F5684CD733E687C3 /* Frameworks */,
			);
			buildRules = (
			);
			dependencies = (
				9CCCFCE206E276757B169B0F /* PBXTargetDependency */,
			);
			name = SocialBrainTests;
			packageProductDependencies = (
				8FD1535BDA3E5C8AE0DD0037 /* GRDB */,
			);
			productName = SocialBrainTests;
			productReference = A138063E53201FBC6A3C363C /* SocialBrainTests.xctest */;
			productType = "com.apple.product-type.bundle.unit-test";
		};
/* End PBXNativeTarget section */

/* Begin PBXProject section */
		0F85908CB20E4202630B7447 /* Project object */ = {
			isa = PBXProject;
			attributes = {
				BuildIndependentTargetsInParallel = YES;
				LastUpgradeCheck = 2600;
				TargetAttributes = {
					28A74FECBA111CA2614C4A40 = {
						TestTargetID = 520184D4FF15CBC85BB9D843;
					};
					520184D4FF15CBC85BB9D843 = {
						DevelopmentTeam = "";
						ProvisioningStyle = Automatic;
					};
				};
			};
			buildConfigurationList = B2BE7BA2F04AFAF7F3A5353B /* Build configuration list for PBXProject "SocialBrain" */;
			developmentRegion = en;
			hasScannedForEncodings = 0;
			knownRegions = (
				Base,
				en,
			);
			mainGroup = 86D5A01748172E7B356DFDB9;
			minimizedProjectReferenceProxies = 1;
			packageReferences = (
				316D637C25E2199B55DE98DC /* XCRemoteSwiftPackageReference "GRDB.swift" */,
			);
			preferredProjectObjectVersion = 77;
			productRefGroup = B856B8C63E39CF7298B1F3EE /* Products */;
			projectDirPath = "";
			projectRoot = "";
			targets = (
				520184D4FF15CBC85BB9D843 /* SocialBrain */,
				987D0EC5A07FF812AB1389C3 /* SocialBrainTests */,
				28A74FECBA111CA2614C4A40 /* SocialBrainUITests */,
			);
		};
/* End PBXProject section */

/* Begin PBXSourcesBuildPhase section */
		547DAE104F898320A5A08BEE /* Sources */ = {
			isa = PBXSourcesBuildPhase;
			buildActionMask = 2147483647;
			files = (
				75539B434DACB5C3EF7CD801 /* SocialBrainUITests.swift in Sources */,
			);
			runOnlyForDeploymentPostprocessing = 0;
		};
		BC5E3DFC122A46694C24C874 /* Sources */ = {
			isa = PBXSourcesBuildPhase;
			buildActionMask = 2147483647;
			files = (
				1C6360F131B69EB484A0858D /* BlueskyCollectorTests.swift in Sources */,
				7F875E7D93FE02FD42E15C9C /* ButtondownCollectorTests.swift in Sources */,
				5C7C564E792CA1DD24E881AC /* CalendlyCollectorTests.swift in Sources */,
				9FF5871185F5BF4EE4FCF486 /* CollectionEngineTests.swift in Sources */,
				89C769B555A5A38972AEC683 /* DatabaseMigrationTests.swift in Sources */,
				407889F33573100C2D412A63 /* GoatCounterCollectorTests.swift in Sources */,
				223EF7B850879D74716F9B54 /* MastodonCollectorTests.swift in Sources */,
				1B6F660A8EF1D70970EF5077 /* MockURLSession.swift in Sources */,
				D49FB081330A71807BE4D981 /* PromptAssemblerTests.swift in Sources */,
				A34D99688ABEC06792FD7CDD /* SocialBrainTests.swift in Sources */,
				9354A382ADCA63501A491527 /* VercelCollectorTests.swift in Sources */,
			);
			runOnlyForDeploymentPostprocessing = 0;
		};
		F0489EFE006CE45212E24861 /* Sources */ = {
			isa = PBXSourcesBuildPhase;
			buildActionMask = 2147483647;
			files = (
				33AFDAD2603FD51B00CA689A /* AppDatabase.swift in Sources */,
				6A3AA757B49ECEBBB8AE4A21 /* BlueskyCollector.swift in Sources */,
				A8CD2064A0E8BA9E95C2C4AC /* ButtondownCollector.swift in Sources */,
				900651ABFF265A05959EB848 /* CalendlyCollector.swift in Sources */,
				B29F8E575E37C3A0B5B3B59A /* CollectionEngine.swift in Sources */,
				FB2B0CB801E20E4DDD2F7A2A /* CollectionRun.swift in Sources */,
				5081170C2BC0A9C21BE5F7AE /* Collector.swift in Sources */,
				838D6D171EF7E59B2806F289 /* ContentView.swift in Sources */,
				9A925D4D118519B04F074F8D /* Credentials.swift in Sources */,
				EDD572851E77CF9321FEF9F9 /* DashboardView.swift in Sources */,
				6025308D798885FB9D71C922 /* DashboardViewModel.swift in Sources */,
				9495992C98E7C36CE6A1EBC6 /* GoatCounterCollector.swift in Sources */,
				A97F0568846BF3C7E478F5E5 /* HistoryView.swift in Sources */,
				1D390F32B0F40A94CDE57339 /* HistoryViewModel.swift in Sources */,
				6D3A626D844241244E88D4BD /* KeychainStore.swift in Sources */,
				7A53CA94A18CD0DF713D9F5F /* MastodonCollector.swift in Sources */,
				612EF2EA7D815191DCA3F6FE /* Platform.swift in Sources */,
				8F85A9F319B4EF2680BB8523 /* PlatformCredentialSheet.swift in Sources */,
				66BC947276B7C0460FCA4EDA /* PlatformData.swift in Sources */,
				494C0A95A67C0967ACDDC47A /* PlatformSnapshot.swift in Sources */,
				A288B9F3512C0901C0DC95D4 /* PlatformsView.swift in Sources */,
				26261DA10A695149DB10E53E /* PlatformsViewModel.swift in Sources */,
				5A99A8B940BC0017AAEE4C64 /* PromptAssembler.swift in Sources */,
				B9CF0F5C2C11384271F38C7B /* RunView.swift in Sources */,
				0A7B04861D3AE5517A3BE706 /* RunViewModel.swift in Sources */,
				2AA7A263FEB665A1D2EB9D5E /* SettingsView.swift in Sources */,
				447B075F2FC34BAC77627E6F /* SocialBrainApp.swift in Sources */,
				85D3921C27997386AF05423D /* VercelCollector.swift in Sources */,
			);
			runOnlyForDeploymentPostprocessing = 0;
		};
/* End PBXSourcesBuildPhase section */

/* Begin PBXTargetDependency section */
		9CCCFCE206E276757B169B0F /* PBXTargetDependency */ = {
			isa = PBXTargetDependency;
			target = 520184D4FF15CBC85BB9D843 /* SocialBrain */;
			targetProxy = 11836A020F89107D560A8CB4 /* PBXContainerItemProxy */;
		};
		E6B224D3134AE72108019FC9 /* PBXTargetDependency */ = {
			isa = PBXTargetDependency;
			target = 520184D4FF15CBC85BB9D843 /* SocialBrain */;
			targetProxy = E0EFEAD006987A83080DB9AE /* PBXContainerItemProxy */;
		};
/* End PBXTargetDependency section */

/* Begin XCBuildConfiguration section */
		261A9762CDEC61296C866C05 /* Debug */ = {
			isa = XCBuildConfiguration;
			buildSettings = {
				BUNDLE_LOADER = "$(TEST_HOST)";
				COMBINE_HIDPI_IMAGES = YES;
				GENERATE_INFOPLIST_FILE = YES;
				LD_RUNPATH_SEARCH_PATHS = (
					"$(inherited)",
					"@executable_path/../Frameworks",
					"@loader_path/../Frameworks",
				);
				MACOSX_DEPLOYMENT_TARGET = 14.0;
				PRODUCT_BUNDLE_IDENTIFIER = com.catehuston.SocialBrainTests;
				SDKROOT = macosx;
				SWIFT_VERSION = 6.3;
				TEST_HOST = "$(BUILT_PRODUCTS_DIR)/SocialBrain.app/Contents/MacOS/SocialBrain";
			};
			name = Debug;
		};
		323D5714A1577C8BA2BCBEF5 /* Release */ = {
			isa = XCBuildConfiguration;
			buildSettings = {
				ALWAYS_SEARCH_USER_PATHS = NO;
				CLANG_ANALYZER_NONNULL = YES;
				CLANG_ANALYZER_NUMBER_OBJECT_CONVERSION = YES_AGGRESSIVE;
				CLANG_CXX_LANGUAGE_STANDARD = "gnu++14";
				CLANG_CXX_LIBRARY = "libc++";
				CLANG_ENABLE_MODULES = YES;
				CLANG_ENABLE_OBJC_ARC = YES;
				CLANG_ENABLE_OBJC_WEAK = YES;
				CLANG_WARN_BLOCK_CAPTURE_AUTORELEASING = YES;
				CLANG_WARN_BOOL_CONVERSION = YES;
				CLANG_WARN_COMMA = YES;
				CLANG_WARN_CONSTANT_CONVERSION = YES;
				CLANG_WARN_DEPRECATED_OBJC_IMPLEMENTATIONS = YES;
				CLANG_WARN_DIRECT_OBJC_ISA_USAGE = YES_ERROR;
				CLANG_WARN_DOCUMENTATION_COMMENTS = YES;
				CLANG_WARN_EMPTY_BODY = YES;
				CLANG_WARN_ENUM_CONVERSION = YES;
				CLANG_WARN_INFINITE_RECURSION = YES;
				CLANG_WARN_INT_CONVERSION = YES;
				CLANG_WARN_NON_LITERAL_NULL_CONVERSION = YES;
				CLANG_WARN_OBJC_IMPLICIT_RETAIN_SELF = YES;
				CLANG_WARN_OBJC_LITERAL_CONVERSION = YES;
				CLANG_WARN_OBJC_ROOT_CLASS = YES_ERROR;
				CLANG_WARN_QUOTED_INCLUDE_IN_FRAMEWORK_HEADER = YES;
				CLANG_WARN_RANGE_LOOP_ANALYSIS = YES;
				CLANG_WARN_STRICT_PROTOTYPES = YES;
				CLANG_WARN_SUSPICIOUS_MOVE = YES;
				CLANG_WARN_UNGUARDED_AVAILABILITY = YES_AGGRESSIVE;
				CLANG_WARN_UNREACHABLE_CODE = YES;
				CLANG_WARN__DUPLICATE_METHOD_MATCH = YES;
				COPY_PHASE_STRIP = NO;
				DEBUG_INFORMATION_FORMAT = "dwarf-with-dsym";
				ENABLE_NS_ASSERTIONS = NO;
				ENABLE_STRICT_OBJC_MSGSEND = YES;
				GCC_C_LANGUAGE_STANDARD = gnu11;
				GCC_NO_COMMON_BLOCKS = YES;
				GCC_WARN_64_TO_32_BIT_CONVERSION = YES;
				GCC_WARN_ABOUT_RETURN_TYPE = YES_ERROR;
				GCC_WARN_UNDECLARED_SELECTOR = YES;
				GCC_WARN_UNINITIALIZED_AUTOS = YES_AGGRESSIVE;
				GCC_WARN_UNUSED_FUNCTION = YES;
				GCC_WARN_UNUSED_VARIABLE = YES;
				MACOSX_DEPLOYMENT_TARGET = 14.0;
				MTL_ENABLE_DEBUG_INFO = NO;
				MTL_FAST_MATH = YES;
				PRODUCT_NAME = "$(TARGET_NAME)";
				SDKROOT = macosx;
				SWIFT_COMPILATION_MODE = wholemodule;
				SWIFT_OPTIMIZATION_LEVEL = "-O";
				SWIFT_VERSION = 5.0;
			};
			name = Release;
		};
		85E69E78D97F39138344E90A /* Release */ = {
			isa = XCBuildConfiguration;
			buildSettings = {
				BUNDLE_LOADER = "$(TEST_HOST)";
				COMBINE_HIDPI_IMAGES = YES;
				GENERATE_INFOPLIST_FILE = YES;
				LD_RUNPATH_SEARCH_PATHS = (
					"$(inherited)",
					"@executable_path/../Frameworks",
					"@loader_path/../Frameworks",
				);
				MACOSX_DEPLOYMENT_TARGET = 14.0;
				PRODUCT_BUNDLE_IDENTIFIER = com.catehuston.SocialBrainTests;
				SDKROOT = macosx;
				SWIFT_VERSION = 6.3;
				TEST_HOST = "$(BUILT_PRODUCTS_DIR)/SocialBrain.app/Contents/MacOS/SocialBrain";
			};
			name = Release;
		};
		9EF1C3260A1F8169467E0710 /* Debug */ = {
			isa = XCBuildConfiguration;
			buildSettings = {
				ALWAYS_SEARCH_USER_PATHS = NO;
				CLANG_ANALYZER_NONNULL = YES;
				CLANG_ANALYZER_NUMBER_OBJECT_CONVERSION = YES_AGGRESSIVE;
				CLANG_CXX_LANGUAGE_STANDARD = "gnu++14";
				CLANG_CXX_LIBRARY = "libc++";
				CLANG_ENABLE_MODULES = YES;
				CLANG_ENABLE_OBJC_ARC = YES;
				CLANG_ENABLE_OBJC_WEAK = YES;
				CLANG_WARN_BLOCK_CAPTURE_AUTORELEASING = YES;
				CLANG_WARN_BOOL_CONVERSION = YES;
				CLANG_WARN_COMMA = YES;
				CLANG_WARN_CONSTANT_CONVERSION = YES;
				CLANG_WARN_DEPRECATED_OBJC_IMPLEMENTATIONS = YES;
				CLANG_WARN_DIRECT_OBJC_ISA_USAGE = YES_ERROR;
				CLANG_WARN_DOCUMENTATION_COMMENTS = YES;
				CLANG_WARN_EMPTY_BODY = YES;
				CLANG_WARN_ENUM_CONVERSION = YES;
				CLANG_WARN_INFINITE_RECURSION = YES;
				CLANG_WARN_INT_CONVERSION = YES;
				CLANG_WARN_NON_LITERAL_NULL_CONVERSION = YES;
				CLANG_WARN_OBJC_IMPLICIT_RETAIN_SELF = YES;
				CLANG_WARN_OBJC_LITERAL_CONVERSION = YES;
				CLANG_WARN_OBJC_ROOT_CLASS = YES_ERROR;
				CLANG_WARN_QUOTED_INCLUDE_IN_FRAMEWORK_HEADER = YES;
				CLANG_WARN_RANGE_LOOP_ANALYSIS = YES;
				CLANG_WARN_STRICT_PROTOTYPES = YES;
				CLANG_WARN_SUSPICIOUS_MOVE = YES;
				CLANG_WARN_UNGUARDED_AVAILABILITY = YES_AGGRESSIVE;
				CLANG_WARN_UNREACHABLE_CODE = YES;
				CLANG_WARN__DUPLICATE_METHOD_MATCH = YES;
				COPY_PHASE_STRIP = NO;
				DEBUG_INFORMATION_FORMAT = dwarf;
				ENABLE_STRICT_OBJC_MSGSEND = YES;
				ENABLE_TESTABILITY = YES;
				GCC_C_LANGUAGE_STANDARD = gnu11;
				GCC_DYNAMIC_NO_PIC = NO;
				GCC_NO_COMMON_BLOCKS = YES;
				GCC_OPTIMIZATION_LEVEL = 0;
				GCC_PREPROCESSOR_DEFINITIONS = (
					"$(inherited)",
					"DEBUG=1",
				);
				GCC_WARN_64_TO_32_BIT_CONVERSION = YES;
				GCC_WARN_ABOUT_RETURN_TYPE = YES_ERROR;
				GCC_WARN_UNDECLARED_SELECTOR = YES;
				GCC_WARN_UNINITIALIZED_AUTOS = YES_AGGRESSIVE;
				GCC_WARN_UNUSED_FUNCTION = YES;
				GCC_WARN_UNUSED_VARIABLE = YES;
				MACOSX_DEPLOYMENT_TARGET = 14.0;
				MTL_ENABLE_DEBUG_INFO = INCLUDE_SOURCE;
				MTL_FAST_MATH = YES;
				ONLY_ACTIVE_ARCH = YES;
				PRODUCT_NAME = "$(TARGET_NAME)";
				SDKROOT = macosx;
				SWIFT_ACTIVE_COMPILATION_CONDITIONS = DEBUG;
				SWIFT_OPTIMIZATION_LEVEL = "-Onone";
				SWIFT_VERSION = 5.0;
			};
			name = Debug;
		};
		ADE0740D3727898111ADA502 /* Release */ = {
			isa = XCBuildConfiguration;
			buildSettings = {
				BUNDLE_LOADER = "$(TEST_HOST)";
				COMBINE_HIDPI_IMAGES = YES;
				GENERATE_INFOPLIST_FILE = YES;
				LD_RUNPATH_SEARCH_PATHS = (
					"$(inherited)",
					"@executable_path/Frameworks",
					"@loader_path/Frameworks",
				);
				MACOSX_DEPLOYMENT_TARGET = 14.0;
				PRODUCT_BUNDLE_IDENTIFIER = com.catehuston.SocialBrainUITests;
				SDKROOT = macosx;
				SWIFT_VERSION = 6.3;
				TEST_TARGET_NAME = SocialBrain;
			};
			name = Release;
		};
		C8E6A5F37A318CB278599D07 /* Release */ = {
			isa = XCBuildConfiguration;
			buildSettings = {
				ASSETCATALOG_COMPILER_APPICON_NAME = AppIcon;
				CODE_SIGN_ENTITLEMENTS = SocialBrain/SocialBrain.entitlements;
				CODE_SIGN_STYLE = Automatic;
				COMBINE_HIDPI_IMAGES = YES;
				DEVELOPMENT_TEAM = "";
				ENABLE_HARDENED_RUNTIME = YES;
				INFOPLIST_FILE = SocialBrain/Info.plist;
				LD_RUNPATH_SEARCH_PATHS = (
					"$(inherited)",
					"@executable_path/../Frameworks",
				);
				MACOSX_DEPLOYMENT_TARGET = 14.0;
				PRODUCT_BUNDLE_IDENTIFIER = com.catehuston.SocialBrain;
				SDKROOT = macosx;
				SWIFT_VERSION = 6.3;
			};
			name = Release;
		};
		D1ED943AB57F3FDA400C0813 /* Debug */ = {
			isa = XCBuildConfiguration;
			buildSettings = {
				ASSETCATALOG_COMPILER_APPICON_NAME = AppIcon;
				CODE_SIGN_ENTITLEMENTS = SocialBrain/SocialBrain.entitlements;
				CODE_SIGN_STYLE = Automatic;
				COMBINE_HIDPI_IMAGES = YES;
				DEVELOPMENT_TEAM = "";
				ENABLE_HARDENED_RUNTIME = YES;
				INFOPLIST_FILE = SocialBrain/Info.plist;
				LD_RUNPATH_SEARCH_PATHS = (
					"$(inherited)",
					"@executable_path/../Frameworks",
				);
				MACOSX_DEPLOYMENT_TARGET = 14.0;
				PRODUCT_BUNDLE_IDENTIFIER = com.catehuston.SocialBrain;
				SDKROOT = macosx;
				SWIFT_VERSION = 6.3;
			};
			name = Debug;
		};
		FF6B087DCB65247CBBD70FDA /* Debug */ = {
			isa = XCBuildConfiguration;
			buildSettings = {
				BUNDLE_LOADER = "$(TEST_HOST)";
				COMBINE_HIDPI_IMAGES = YES;
				GENERATE_INFOPLIST_FILE = YES;
				LD_RUNPATH_SEARCH_PATHS = (
					"$(inherited)",
					"@executable_path/Frameworks",
					"@loader_path/Frameworks",
				);
				MACOSX_DEPLOYMENT_TARGET = 14.0;
				PRODUCT_BUNDLE_IDENTIFIER = com.catehuston.SocialBrainUITests;
				SDKROOT = macosx;
				SWIFT_VERSION = 6.3;
				TEST_TARGET_NAME = SocialBrain;
			};
			name = Debug;
		};
/* End XCBuildConfiguration section */

/* Begin XCConfigurationList section */
		0E7946795DDE30EB8A4226E6 /* Build configuration list for PBXNativeTarget "SocialBrainUITests" */ = {
			isa = XCConfigurationList;
			buildConfigurations = (
				FF6B087DCB65247CBBD70FDA /* Debug */,
				ADE0740D3727898111ADA502 /* Release */,
			);
			defaultConfigurationIsVisible = 0;
			defaultConfigurationName = Debug;
		};
		B2BE7BA2F04AFAF7F3A5353B /* Build configuration list for PBXProject "SocialBrain" */ = {
			isa = XCConfigurationList;
			buildConfigurations = (
				9EF1C3260A1F8169467E0710 /* Debug */,
				323D5714A1577C8BA2BCBEF5 /* Release */,
			);
			defaultConfigurationIsVisible = 0;
			defaultConfigurationName = Debug;
		};
		C90D6C35DB73F64E6DA5F2BA /* Build configuration list for PBXNativeTarget "SocialBrain" */ = {
			isa = XCConfigurationList;
			buildConfigurations = (
				D1ED943AB57F3FDA400C0813 /* Debug */,
				C8E6A5F37A318CB278599D07 /* Release */,
			);
			defaultConfigurationIsVisible = 0;
			defaultConfigurationName = Debug;
		};
		F6AA35C01EB0741ED1BC683C /* Build configuration list for PBXNativeTarget "SocialBrainTests" */ = {
			isa = XCConfigurationList;
			buildConfigurations = (
				261A9762CDEC61296C866C05 /* Debug */,
				85E69E78D97F39138344E90A /* Release */,
			);
			defaultConfigurationIsVisible = 0;
			defaultConfigurationName = Debug;
		};
/* End XCConfigurationList section */

/* Begin XCRemoteSwiftPackageReference section */
		316D637C25E2199B55DE98DC /* XCRemoteSwiftPackageReference "GRDB.swift" */ = {
			isa = XCRemoteSwiftPackageReference;
			repositoryURL = "https://github.com/groue/GRDB.swift";
			requirement = {
				kind = upToNextMajorVersion;
				minimumVersion = 7.0.0;
			};
		};
/* End XCRemoteSwiftPackageReference section */

/* Begin XCSwiftPackageProductDependency section */
		8FD1535BDA3E5C8AE0DD0037 /* GRDB */ = {
			isa = XCSwiftPackageProductDependency;
			package = 316D637C25E2199B55DE98DC /* XCRemoteSwiftPackageReference "GRDB.swift" */;
			productName = GRDB;
		};
		C910C8BD09C1A4DAB6CF84C4 /* GRDB */ = {
			isa = XCSwiftPackageProductDependency;
			package = 316D637C25E2199B55DE98DC /* XCRemoteSwiftPackageReference "GRDB.swift" */;
			productName = GRDB;
		};
/* End XCSwiftPackageProductDependency section */
	};
	rootObject = 0F85908CB20E4202630B7447 /* Project object */;
}
